
Microsoft Visual Studio Solution File, Format Version 12.00
# Visual Studio Version 17
VisualStudioVersion = 17.7.34024.191
MinimumVisualStudioVersion = 10.0.40219.1
Project("{FAE04EC0-301F-11D3-BF4B-00C04F79EFBC}") = "Barinak", "Barinak\Barinak.csproj", "{8CBA6237-65DB-43C7-9663-C1FC4A97659B}"
EndProject
Global
	GlobalSection(SolutionConfigurationPlatforms) = preSolution
		Debug|Any CPU = Debug|Any CPU
		Release|Any CPU = Release|Any CPU
	EndGlobalSection
	GlobalSection(ProjectConfigurationPlatforms) = postSolution
		{8CBA6237-65DB-43C7-9663-C1FC4A97659B}.Debug|Any CPU.ActiveCfg = Debug|Any CPU
		{8CBA6237-65DB-43C7-9663-C1FC4A97659B}.Debug|Any CPU.Build.0 = Debug|Any CPU
		{8CBA6237-65DB-43C7-9663-C1FC4A97659B}.Release|Any CPU.ActiveCfg = Release|Any CPU
		{8CBA6237-65DB-43C7-9663-C1FC4A97659B}.Release|Any CPU.Build.0 = Release|Any CPU
	EndGlobalSection
	GlobalSection(SolutionProperties) = preSolution
		HideSolutionNode = FALSE
	EndGlobalSection
	GlobalSection(ExtensibilityGlobals) = postSolution
		SolutionGuid = {D012CC2B-77D1-438E-B0B9-A6BB2CF22423}
	EndGlobalSection
EndGlobal
